
Microsoft Visual Studio Solution File, Format Version 12.00
# Visual Studio Version 17
VisualStudioVersion = 17.2.32526.322
MinimumVisualStudioVersion = 10.0.40219.1
Project("{9A19103F-16F7-4668-BE54-9A1E7A4F7556}") = "DAL", "DAL\DAL.csproj", "{773EC427-DD1E-4A9B-A8ED-774DBC1EBFE1}"
EndProject
Project("{9A19103F-16F7-4668-BE54-9A1E7A4F7556}") = "Core", "Core\Core.csproj", "{D9350DBA-5E71-43A4-B567-CB060608C30C}"
EndProject
Project("{9A19103F-16F7-4668-BE54-9A1E7A4F7556}") = "Console", "PL\Console.csproj", "{0B293CD9-A793-4952-A671-AAEDC0E737A1}"
EndProject
Project("{9A19103F-16F7-4668-BE54-9A1E7A4F7556}") = "WinFormsApp", "WinFormsApp\WinFormsApp.csproj", "{866356B7-76EB-4034-AC81-CA7A9E672B28}"
EndProject
Global
	GlobalSection(SolutionConfigurationPlatforms) = preSolution
		Debug|Any CPU = Debug|Any CPU
		Release|Any CPU = Release|Any CPU
	EndGlobalSection
	GlobalSection(ProjectConfigurationPlatforms) = postSolution
		{773EC427-DD1E-4A9B-A8ED-774DBC1EBFE1}.Debug|Any CPU.ActiveCfg = Debug|Any CPU
		{773EC427-DD1E-4A9B-A8ED-774DBC1EBFE1}.Debug|Any CPU.Build.0 = Debug|Any CPU
		{773EC427-DD1E-4A9B-A8ED-774DBC1EBFE1}.Release|Any CPU.ActiveCfg = Release|Any CPU
		{D9350DBA-5E71-43A4-B567-CB060608C30C}.Debug|Any CPU.ActiveCfg = Debug|Any CPU
		{D9350DBA-5E71-43A4-B567-CB060608C30C}.Debug|Any CPU.Build.0 = Debug|Any CPU
		{D9350DBA-5E71-43A4-B567-CB060608C30C}.Release|Any CPU.ActiveCfg = Release|Any CPU
		{0B293CD9-A793-4952-A671-AAEDC0E737A1}.Debug|Any CPU.ActiveCfg = Debug|Any CPU
		{0B293CD9-A793-4952-A671-AAEDC0E737A1}.Debug|Any CPU.Build.0 = Debug|Any CPU
		{0B293CD9-A793-4952-A671-AAEDC0E737A1}.Release|Any CPU.ActiveCfg = Release|Any CPU
		{0B293CD9-A793-4952-A671-AAEDC0E737A1}.Release|Any CPU.Build.0 = Release|Any CPU
		{866356B7-76EB-4034-AC81-CA7A9E672B28}.Debug|Any CPU.ActiveCfg = Debug|Any CPU
		{866356B7-76EB-4034-AC81-CA7A9E672B28}.Debug|Any CPU.Build.0 = Debug|Any CPU
		{866356B7-76EB-4034-AC81-CA7A9E672B28}.Release|Any CPU.ActiveCfg = Release|Any CPU
		{866356B7-76EB-4034-AC81-CA7A9E672B28}.Release|Any CPU.Build.0 = Release|Any CPU
	EndGlobalSection
	GlobalSection(SolutionProperties) = preSolution
		HideSolutionNode = FALSE
	EndGlobalSection
	GlobalSection(ExtensibilityGlobals) = postSolution
		SolutionGuid = {1F05E1ED-6202-4408-86AA-2778040E3A6C}
	EndGlobalSection
EndGlobal
